
Microsoft Visual Studio Solution File, Format Version 11.00
# Visual Studio 2010
# SharpDevelop 5.1
Project("{FAE04EC0-301F-11D3-BF4B-00C04F79EFBC}") = "Calculadora_Visual", "Calculadora_Visual\Calculadora_Visual.csproj", "{94CD07FB-81FC-47D0-829B-87B94D64E066}"
EndProject
Global
	GlobalSection(SolutionConfigurationPlatforms) = preSolution
		Debug|Any CPU = Debug|Any CPU
		Release|Any CPU = Release|Any CPU
	EndGlobalSection
	GlobalSection(ProjectConfigurationPlatforms) = postSolution
		{94CD07FB-81FC-47D0-829B-87B94D64E066}.Debug|Any CPU.ActiveCfg = Debug|Any CPU
		{94CD07FB-81FC-47D0-829B-87B94D64E066}.Debug|Any CPU.Build.0 = Debug|Any CPU
		{94CD07FB-81FC-47D0-829B-87B94D64E066}.Release|Any CPU.ActiveCfg = Release|Any CPU
		{94CD07FB-81FC-47D0-829B-87B94D64E066}.Release|Any CPU.Build.0 = Release|Any CPU
	EndGlobalSection
EndGlobal
